{
  "name": "minecraft-rcon",
  "version": "1.0.0",
  "lockfileVersion": 1,
  "requires": true,
  "dependencies": {
    "madsocket": {
      "version": "1.0.3",
      "resolved": "https://registry.npmjs.org/madsocket/-/madsocket-1.0.3.tgz",
      "integrity": "sha512-r45XhLoOEgc1iHqua4569CAPXeKXbGSUN0SDQ5cWzOVkr7WsRJZmPqGO1CmwUmuxOLJVU6x7H+JNVZolddBLdA==",
      "requires": {
        "mbr-buffer": "^1.2.2"
      }
    },
    "mbr-buffer": {
      "version": "1.3.0",
      "resolved": "https://registry.npmjs.org/mbr-buffer/-/mbr-buffer-1.3.0.tgz",
      "integrity": "sha512-4CFPovz0jVLf9MVgez9iMz6u8yG8PxJTncr7Y4rzDCeu8y9NQNad+mCrVjKpvYndkKF9pP2DiTnzBKzdqhMZ9g=="
    },
    "mbr-queue": {
      "version": "1.0.3",
      "resolved": "https://registry.npmjs.org/mbr-queue/-/mbr-queue-1.0.3.tgz",
      "integrity": "sha512-u0tJHtLXrE8ImxCMZoZjWocn/9A1rV7m+GxaWh+GjMsHp3KjcVmGVKIb1IEiUH/vkwTJ9AuqwQCbd6h0qqyR+g=="
    },
    "mbr-rcon": {
      "version": "1.0.1",
      "resolved": "https://registry.npmjs.org/mbr-rcon/-/mbr-rcon-1.0.1.tgz",
      "integrity": "sha512-A/MTI3zOXtiMlZ8h0QSixnlRi+qdqObjQeOD2Ap6w3AEVhECt72P73E074QsbJQGyRlN/rcivXkwA+n63hE9HA==",
      "requires": {
        "mbr-buffer": "^1.2.2",
        "mbr-queue": "^1.0.3"
      }
    },
    "mbr-script": {
      "version": "1.0.0",
      "resolved": "https://registry.npmjs.org/mbr-script/-/mbr-script-1.0.0.tgz",
      "integrity": "sha512-Yn/c6Ohfh7h4Z0vMxURAZ2kL89HGHKfNRrseT4A3zL3bPXAi2FTjtFv3szvBTjoBIlXUzA2RYcti72ZmulXCyA=="
    }
  }
}
